
Microsoft Visual Studio Solution File, Format Version 12.00
# Visual Studio Version 17
VisualStudioVersion = 17.7.34221.43
MinimumVisualStudioVersion = 10.0.40219.1
Project("{9A19103F-16F7-4668-BE54-9A1E7A4F7556}") = "API", "WebApplication1\API.csproj", "{F7B7F3D5-5848-43F5-A403-E707AF64BA06}"
	ProjectSection(ProjectDependencies) = postProject
		{7F5C6815-1165-4A4D-ACA3-17D7A323439D} = {7F5C6815-1165-4A4D-ACA3-17D7A323439D}
	EndProjectSection
EndProject
Project("{9A19103F-16F7-4668-BE54-9A1E7A4F7556}") = "Core", "Core\Core.csproj", "{7F5C6815-1165-4A4D-ACA3-17D7A323439D}"
EndProject
Project("{9A19103F-16F7-4668-BE54-9A1E7A4F7556}") = "Data", "Data\Data.csproj", "{D64FDA3E-1F27-4DD1-9503-BABD922E9ACF}"
	ProjectSection(ProjectDependencies) = postProject
		{7F5C6815-1165-4A4D-ACA3-17D7A323439D} = {7F5C6815-1165-4A4D-ACA3-17D7A323439D}
	EndProjectSection
EndProject
Project("{9A19103F-16F7-4668-BE54-9A1E7A4F7556}") = "Tests", "Tests\Tests.csproj", "{F6691AD7-96B7-4B83-A041-BD9144629E6A}"
EndProject
Global
	GlobalSection(SolutionConfigurationPlatforms) = preSolution
		Debug|Any CPU = Debug|Any CPU
		Release|Any CPU = Release|Any CPU
	EndGlobalSection
	GlobalSection(ProjectConfigurationPlatforms) = postSolution
		{F7B7F3D5-5848-43F5-A403-E707AF64BA06}.Debug|Any CPU.ActiveCfg = Debug|Any CPU
		{F7B7F3D5-5848-43F5-A403-E707AF64BA06}.Debug|Any CPU.Build.0 = Debug|Any CPU
		{F7B7F3D5-5848-43F5-A403-E707AF64BA06}.Release|Any CPU.ActiveCfg = Release|Any CPU
		{F7B7F3D5-5848-43F5-A403-E707AF64BA06}.Release|Any CPU.Build.0 = Release|Any CPU
		{7F5C6815-1165-4A4D-ACA3-17D7A323439D}.Debug|Any CPU.ActiveCfg = Debug|Any CPU
		{7F5C6815-1165-4A4D-ACA3-17D7A323439D}.Debug|Any CPU.Build.0 = Debug|Any CPU
		{7F5C6815-1165-4A4D-ACA3-17D7A323439D}.Release|Any CPU.ActiveCfg = Release|Any CPU
		{7F5C6815-1165-4A4D-ACA3-17D7A323439D}.Release|Any CPU.Build.0 = Release|Any CPU
		{D64FDA3E-1F27-4DD1-9503-BABD922E9ACF}.Debug|Any CPU.ActiveCfg = Debug|Any CPU
		{D64FDA3E-1F27-4DD1-9503-BABD922E9ACF}.Debug|Any CPU.Build.0 = Debug|Any CPU
		{D64FDA3E-1F27-4DD1-9503-BABD922E9ACF}.Release|Any CPU.ActiveCfg = Release|Any CPU
		{D64FDA3E-1F27-4DD1-9503-BABD922E9ACF}.Release|Any CPU.Build.0 = Release|Any CPU
		{F6691AD7-96B7-4B83-A041-BD9144629E6A}.Debug|Any CPU.ActiveCfg = Debug|Any CPU
		{F6691AD7-96B7-4B83-A041-BD9144629E6A}.Debug|Any CPU.Build.0 = Debug|Any CPU
		{F6691AD7-96B7-4B83-A041-BD9144629E6A}.Release|Any CPU.ActiveCfg = Release|Any CPU
		{F6691AD7-96B7-4B83-A041-BD9144629E6A}.Release|Any CPU.Build.0 = Release|Any CPU
	EndGlobalSection
	GlobalSection(SolutionProperties) = preSolution
		HideSolutionNode = FALSE
	EndGlobalSection
	GlobalSection(ExtensibilityGlobals) = postSolution
		SolutionGuid = {81AE617D-D373-4F21-B8CB-1D89CE30CAA8}
	EndGlobalSection
EndGlobal
